
Microsoft Visual Studio Solution File, Format Version 12.00
# Visual Studio Version 17
VisualStudioVersion = 17.0.32014.148
MinimumVisualStudioVersion = 10.0.40219.1
Project("{FAE04EC0-301F-11D3-BF4B-00C04F79EFBC}") = "EF_DBfirst", "EF_DBfirst\EF_DBfirst.csproj", "{7D258386-9308-487A-BCED-FD888953C8DE}"
EndProject
Global
	GlobalSection(SolutionConfigurationPlatforms) = preSolution
		Debug|Any CPU = Debug|Any CPU
		Release|Any CPU = Release|Any CPU
	EndGlobalSection
	GlobalSection(ProjectConfigurationPlatforms) = postSolution
		{7D258386-9308-487A-BCED-FD888953C8DE}.Debug|Any CPU.ActiveCfg = Debug|Any CPU
		{7D258386-9308-487A-BCED-FD888953C8DE}.Debug|Any CPU.Build.0 = Debug|Any CPU
		{7D258386-9308-487A-BCED-FD888953C8DE}.Release|Any CPU.ActiveCfg = Release|Any CPU
		{7D258386-9308-487A-BCED-FD888953C8DE}.Release|Any CPU.Build.0 = Release|Any CPU
	EndGlobalSection
	GlobalSection(SolutionProperties) = preSolution
		HideSolutionNode = FALSE
	EndGlobalSection
	GlobalSection(ExtensibilityGlobals) = postSolution
		SolutionGuid = {76B14A37-205B-4D78-B6FE-797601F80F23}
	EndGlobalSection
EndGlobal
